
Microsoft Visual Studio Solution File, Format Version 11.00
# Visual Studio 2010
Project("{FAE04EC0-301F-11D3-BF4B-00C04F79EFBC}") = "Assembly-CSharp-firstpass", "Assembly-CSharp-firstpass.csproj", "{DA7A7A8E-8A22-7319-BF86-33F46CF54F14}"
EndProject
Project("{FAE04EC0-301F-11D3-BF4B-00C04F79EFBC}") = "Assembly-CSharp", "Assembly-CSharp.csproj", "{7F4D8EFD-AA83-CA99-0B40-6B815D12E53B}"
EndProject
Project("{FAE04EC0-301F-11D3-BF4B-00C04F79EFBC}") = "Assembly-CSharp-Editor-firstpass", "Assembly-CSharp-Editor-firstpass.csproj", "{4FAE7364-65F4-E5A3-5F5E-504286702F3E}"
EndProject
Global
	GlobalSection(SolutionConfigurationPlatforms) = preSolution
		Debug|Any CPU = Debug|Any CPU
		Release|Any CPU = Release|Any CPU
	EndGlobalSection
	GlobalSection(ProjectConfigurationPlatforms) = postSolution
		{DA7A7A8E-8A22-7319-BF86-33F46CF54F14}.Debug|Any CPU.ActiveCfg = Debug|Any CPU
		{DA7A7A8E-8A22-7319-BF86-33F46CF54F14}.Debug|Any CPU.Build.0 = Debug|Any CPU
		{DA7A7A8E-8A22-7319-BF86-33F46CF54F14}.Release|Any CPU.ActiveCfg = Release|Any CPU
		{DA7A7A8E-8A22-7319-BF86-33F46CF54F14}.Release|Any CPU.Build.0 = Release|Any CPU
		{7F4D8EFD-AA83-CA99-0B40-6B815D12E53B}.Debug|Any CPU.ActiveCfg = Debug|Any CPU
		{7F4D8EFD-AA83-CA99-0B40-6B815D12E53B}.Debug|Any CPU.Build.0 = Debug|Any CPU
		{7F4D8EFD-AA83-CA99-0B40-6B815D12E53B}.Release|Any CPU.ActiveCfg = Release|Any CPU
		{7F4D8EFD-AA83-CA99-0B40-6B815D12E53B}.Release|Any CPU.Build.0 = Release|Any CPU
		{4FAE7364-65F4-E5A3-5F5E-504286702F3E}.Debug|Any CPU.ActiveCfg = Debug|Any CPU
		{4FAE7364-65F4-E5A3-5F5E-504286702F3E}.Debug|Any CPU.Build.0 = Debug|Any CPU
		{4FAE7364-65F4-E5A3-5F5E-504286702F3E}.Release|Any CPU.ActiveCfg = Release|Any CPU
		{4FAE7364-65F4-E5A3-5F5E-504286702F3E}.Release|Any CPU.Build.0 = Release|Any CPU
	EndGlobalSection
	GlobalSection(SolutionProperties) = preSolution
		HideSolutionNode = FALSE
	EndGlobalSection
	GlobalSection(MonoDevelopProperties) = preSolution
		StartupItem = Assembly-CSharp.csproj
	EndGlobalSection
EndGlobal
